
Microsoft Visual Studio Solution File, Format Version 12.00
# Visual Studio Version 16
VisualStudioVersion = 16.0.32510.428
MinimumVisualStudioVersion = 10.0.40219.1
Project("{FAE04EC0-301F-11D3-BF4B-00C04F79EFBC}") = "MinhaAPICore", "MinhaAPICore\MinhaAPICore.csproj", "{B3FFFB41-0BF0-47DC-83B2-1E798CAF241C}"
EndProject
Global
	GlobalSection(SolutionConfigurationPlatforms) = preSolution
		Debug|Any CPU = Debug|Any CPU
		Release|Any CPU = Release|Any CPU
	EndGlobalSection
	GlobalSection(ProjectConfigurationPlatforms) = postSolution
		{B3FFFB41-0BF0-47DC-83B2-1E798CAF241C}.Debug|Any CPU.ActiveCfg = Debug|Any CPU
		{B3FFFB41-0BF0-47DC-83B2-1E798CAF241C}.Debug|Any CPU.Build.0 = Debug|Any CPU
		{B3FFFB41-0BF0-47DC-83B2-1E798CAF241C}.Release|Any CPU.ActiveCfg = Release|Any CPU
		{B3FFFB41-0BF0-47DC-83B2-1E798CAF241C}.Release|Any CPU.Build.0 = Release|Any CPU
	EndGlobalSection
	GlobalSection(SolutionProperties) = preSolution
		HideSolutionNode = FALSE
	EndGlobalSection
	GlobalSection(ExtensibilityGlobals) = postSolution
		SolutionGuid = {58A1F7DD-BAFE-416D-AE7C-782C8A8A5418}
	EndGlobalSection
EndGlobal
